attrs==26.1.0
build==1.6.0
certifi==2026.7.22
cffi==2.1.1
charset-normalizer==3.5.1
colorama==0.4.6
cryptography==50.0.1
idna==3.19
iniconfig==2.3.0
jsonschema==4.26.0
jsonschema-specifications==2025.9.1
markdown-it-py==4.2.0
mdurl==0.1.2
numpy==2.5.3
packaging==26.3
pdfminer-six==20260107
pluggy==1.6.0
psutil==7.2.2
pycparser==3.0
pygments==2.21.0
pyproject-hooks==1.2.0
pytest==9.1.1
referencing==0.37.0
requests==2.34.2
rich==15.0.0
rpds-py==2026.6.3
ruff==0.16.6
typing-extensions==4.16.0
urllib3==2.7.0
